{
  "name": "dp-transport-site",
  "lockfileVersion": 3,
  "requires": true,
  "packages": {
    "": {
      "name": "dp-transport-site",
      "dependencies": {
        "stripe": "^22.6.1"
      },
      "devDependencies": {
        "@netlify/functions": "^6.0.0"
      }
    },
    "node_modules/@netlify/functions": {
      "version": "6.0.0",
      "resolved": "https://registry.npmjs.org/@netlify/functions/-/functions-6.0.0.tgz",
      "integrity": "sha512-Pee+FoFnAtdejTkl62a7mZxj6Wx4eqVNuYyDc5T4XPJN9GaAWaUf4cZQFlf2m4Fqq0HoghjtcPKo+BZviVPPKA==",
      "dev": true,
      "license": "MIT",
      "dependencies": {
        "@netlify/types": "3.0.0"
      },
      "engines": {
        "node": ">=22.12.0"
      }
    },
    "node_modules/@netlify/types": {
      "version": "3.0.0",
      "resolved": "https://registry.npmjs.org/@netlify/types/-/types-3.0.0.tgz",
      "integrity": "sha512-zRCidsQgI4CZWrZB/kmwdPf0QbSNljakfNSLizFvrsSA3UcUrTWSBNMVKmZnob92/8ESeUN0ewXLOlffJU+ATQ==",
      "dev": true,
      "license": "MIT",
      "engines": {
        "node": ">=22.12.0"
      }
    },
    "node_modules/stripe": {
      "version": "22.6.1",
      "resolved": "https://registry.npmjs.org/stripe/-/stripe-22.6.1.tgz",
      "integrity": "sha512-hAKSkGeVt2u46TRYhmnvwmVHxBNtOCJnPjc+SH5sP2B2ypElYzAAY3Ljx0Ar8C2w8nfpFQiZ95qoDCDsFkXMTA==",
      "license": "MIT",
      "engines": {
        "node": ">=18"
      },
      "peerDependencies": {
        "@types/node": ">=18"
      },
      "peerDependenciesMeta": {
        "@types/node": {
          "optional": true
        }
      }
    }
  }
}
